
Microsoft Visual Studio Solution File, Format Version 12.00
# Visual Studio Version 16
VisualStudioVersion = 16.0.30709.132
MinimumVisualStudioVersion = 10.0.40219.1
Project("{FAE04EC0-301F-11D3-BF4B-00C04F79EFBC}") = "CrudFIP", "CrudFIP\CrudFIP.csproj", "{0888A06C-1A79-4DB6-B5F8-5835ED8EEB48}"
EndProject
Global
	GlobalSection(SolutionConfigurationPlatforms) = preSolution
		Debug|Any CPU = Debug|Any CPU
		Release|Any CPU = Release|Any CPU
	EndGlobalSection
	GlobalSection(ProjectConfigurationPlatforms) = postSolution
		{0888A06C-1A79-4DB6-B5F8-5835ED8EEB48}.Debug|Any CPU.ActiveCfg = Debug|Any CPU
		{0888A06C-1A79-4DB6-B5F8-5835ED8EEB48}.Debug|Any CPU.Build.0 = Debug|Any CPU
		{0888A06C-1A79-4DB6-B5F8-5835ED8EEB48}.Release|Any CPU.ActiveCfg = Release|Any CPU
		{0888A06C-1A79-4DB6-B5F8-5835ED8EEB48}.Release|Any CPU.Build.0 = Release|Any CPU
	EndGlobalSection
	GlobalSection(SolutionProperties) = preSolution
		HideSolutionNode = FALSE
	EndGlobalSection
	GlobalSection(ExtensibilityGlobals) = postSolution
		SolutionGuid = {45DCC00A-9870-4E08-8BAC-BBE8F20153BA}
	EndGlobalSection
EndGlobal
